
Microsoft Visual Studio Solution File, Format Version 12.00
# Visual Studio Version 16
VisualStudioVersion = 16.0.30413.136
MinimumVisualStudioVersion = 10.0.40219.1
Project("{9A19103F-16F7-4668-BE54-9A1E7A4F7556}") = "TIA.Core", "TIA.Core\TIA.Core.csproj", "{A854FBE2-5221-4D0C-AA0B-9EF8E29B553C}"
EndProject
Project("{9A19103F-16F7-4668-BE54-9A1E7A4F7556}") = "TIA.EntityFramework", "TIA.EntityFramework\TIA.EntityFramework.csproj", "{A58771DA-D35A-4F57-9FF1-F9E3C175975D}"
EndProject
Project("{9A19103F-16F7-4668-BE54-9A1E7A4F7556}") = "TIA.BusinessLogic", "TIA.BusinessLogic\TIA.BusinessLogic.csproj", "{FA556256-6F52-4C6F-BA54-2FF0F50C07F0}"
EndProject
Project("{9A19103F-16F7-4668-BE54-9A1E7A4F7556}") = "TIA.BusinessLogicBase", "TIA.BusinessLogicBase\TIA.BusinessLogicBase.csproj", "{FCC40DD2-76AC-4632-BF5E-05D4A9DCBA4B}"
EndProject
Project("{9A19103F-16F7-4668-BE54-9A1E7A4F7556}") = "TIA.WebApp", "TIA.WebApp\TIA.WebApp.csproj", "{F5B4216C-81A0-4330-889E-1E0C1700BF7F}"
EndProject
Project("{9A19103F-16F7-4668-BE54-9A1E7A4F7556}") = "TIA.ConsoleTest", "TIA.ConsoleTest\TIA.ConsoleTest.csproj", "{C1999387-C492-4E2A-BE7E-F3D54C56A0FD}"
EndProject
Project("{9A19103F-16F7-4668-BE54-9A1E7A4F7556}") = "TIA.Extentions", "TIA.Extentions\TIA.Extentions.csproj", "{D5928EDB-34F8-4E4D-BFDE-3E8A46BBE48B}"
EndProject
Project("{9A19103F-16F7-4668-BE54-9A1E7A4F7556}") = "TIA.RestAPI", "TIA.RestAPI\TIA.RestAPI.csproj", "{8D1937EB-3ADF-4399-9358-F3D5961CAFEC}"
EndProject
Project("{9A19103F-16F7-4668-BE54-9A1E7A4F7556}") = "TIA.DataAccessLayer", "TIA.DataAccessLayer\TIA.DataAccessLayer.csproj", "{83D78D9D-7AD3-4AD6-9ECA-404B0609AF5D}"
EndProject
Project("{2150E333-8FDC-42A3-9474-1A3956D46DE8}") = "Api", "Api", "{B8AAF08D-6E7C-447F-B65E-5EF4D700D0B0}"
EndProject
Project("{9A19103F-16F7-4668-BE54-9A1E7A4F7556}") = "TIA.BusinessLogicLayerBase", "TIA.BusinessLogicLayerBase\TIA.BusinessLogicLayerBase.csproj", "{9EEA5CAC-23D7-45F7-9036-C259BD059459}"
EndProject
Project("{9A19103F-16F7-4668-BE54-9A1E7A4F7556}") = "TIA.BusinessLogicLayer", "TIA.BusinessLogicLayer\TIA.BusinessLogicLayer.csproj", "{CA6DD40D-04DA-42B3-AD56-4FCCA51331B2}"
EndProject
Project("{FAE04EC0-301F-11D3-BF4B-00C04F79EFBC}") = "TIA.WebInterface", "TIA.WebInterface\TIA.WebInterface.csproj", "{315341E1-BCD0-4094-9692-41BCA1580174}"
EndProject
Project("{9A19103F-16F7-4668-BE54-9A1E7A4F7556}") = "TIA.BusinessLogicLayer.WebInterface", "TIA.BusinessLogicLayer.WebInterface\TIA.BusinessLogicLayer.WebInterface.csproj", "{6522B652-2023-4F69-8C98-81881955D657}"
EndProject
Global
	GlobalSection(SolutionConfigurationPlatforms) = preSolution
		Debug|Any CPU = Debug|Any CPU
		Release|Any CPU = Release|Any CPU
	EndGlobalSection
	GlobalSection(ProjectConfigurationPlatforms) = postSolution
		{A854FBE2-5221-4D0C-AA0B-9EF8E29B553C}.Debug|Any CPU.ActiveCfg = Debug|Any CPU
		{A854FBE2-5221-4D0C-AA0B-9EF8E29B553C}.Debug|Any CPU.Build.0 = Debug|Any CPU
		{A854FBE2-5221-4D0C-AA0B-9EF8E29B553C}.Release|Any CPU.ActiveCfg = Release|Any CPU
		{A854FBE2-5221-4D0C-AA0B-9EF8E29B553C}.Release|Any CPU.Build.0 = Release|Any CPU
		{A58771DA-D35A-4F57-9FF1-F9E3C175975D}.Debug|Any CPU.ActiveCfg = Debug|Any CPU
		{A58771DA-D35A-4F57-9FF1-F9E3C175975D}.Debug|Any CPU.Build.0 = Debug|Any CPU
		{A58771DA-D35A-4F57-9FF1-F9E3C175975D}.Release|Any CPU.ActiveCfg = Release|Any CPU
		{A58771DA-D35A-4F57-9FF1-F9E3C175975D}.Release|Any CPU.Build.0 = Release|Any CPU
		{FA556256-6F52-4C6F-BA54-2FF0F50C07F0}.Debug|Any CPU.ActiveCfg = Debug|Any CPU
		{FA556256-6F52-4C6F-BA54-2FF0F50C07F0}.Debug|Any CPU.Build.0 = Debug|Any CPU
		{FA556256-6F52-4C6F-BA54-2FF0F50C07F0}.Release|Any CPU.ActiveCfg = Release|Any CPU
		{FA556256-6F52-4C6F-BA54-2FF0F50C07F0}.Release|Any CPU.Build.0 = Release|Any CPU
		{FCC40DD2-76AC-4632-BF5E-05D4A9DCBA4B}.Debug|Any CPU.ActiveCfg = Debug|Any CPU
		{FCC40DD2-76AC-4632-BF5E-05D4A9DCBA4B}.Debug|Any CPU.Build.0 = Debug|Any CPU
		{FCC40DD2-76AC-4632-BF5E-05D4A9DCBA4B}.Release|Any CPU.ActiveCfg = Release|Any CPU
		{FCC40DD2-76AC-4632-BF5E-05D4A9DCBA4B}.Release|Any CPU.Build.0 = Release|Any CPU
		{F5B4216C-81A0-4330-889E-1E0C1700BF7F}.Debug|Any CPU.ActiveCfg = Debug|Any CPU
		{F5B4216C-81A0-4330-889E-1E0C1700BF7F}.Debug|Any CPU.Build.0 = Debug|Any CPU
		{F5B4216C-81A0-4330-889E-1E0C1700BF7F}.Release|Any CPU.ActiveCfg = Release|Any CPU
		{F5B4216C-81A0-4330-889E-1E0C1700BF7F}.Release|Any CPU.Build.0 = Release|Any CPU
		{C1999387-C492-4E2A-BE7E-F3D54C56A0FD}.Debug|Any CPU.ActiveCfg = Debug|Any CPU
		{C1999387-C492-4E2A-BE7E-F3D54C56A0FD}.Debug|Any CPU.Build.0 = Debug|Any CPU
		{C1999387-C492-4E2A-BE7E-F3D54C56A0FD}.Release|Any CPU.ActiveCfg = Release|Any CPU
		{C1999387-C492-4E2A-BE7E-F3D54C56A0FD}.Release|Any CPU.Build.0 = Release|Any CPU
		{D5928EDB-34F8-4E4D-BFDE-3E8A46BBE48B}.Debug|Any CPU.ActiveCfg = Debug|Any CPU
		{D5928EDB-34F8-4E4D-BFDE-3E8A46BBE48B}.Debug|Any CPU.Build.0 = Debug|Any CPU
		{D5928EDB-34F8-4E4D-BFDE-3E8A46BBE48B}.Release|Any CPU.ActiveCfg = Release|Any CPU
		{D5928EDB-34F8-4E4D-BFDE-3E8A46BBE48B}.Release|Any CPU.Build.0 = Release|Any CPU
		{8D1937EB-3ADF-4399-9358-F3D5961CAFEC}.Debug|Any CPU.ActiveCfg = Debug|Any CPU
		{8D1937EB-3ADF-4399-9358-F3D5961CAFEC}.Debug|Any CPU.Build.0 = Debug|Any CPU
		{8D1937EB-3ADF-4399-9358-F3D5961CAFEC}.Release|Any CPU.ActiveCfg = Release|Any CPU
		{8D1937EB-3ADF-4399-9358-F3D5961CAFEC}.Release|Any CPU.Build.0 = Release|Any CPU
		{83D78D9D-7AD3-4AD6-9ECA-404B0609AF5D}.Debug|Any CPU.ActiveCfg = Debug|Any CPU
		{83D78D9D-7AD3-4AD6-9ECA-404B0609AF5D}.Debug|Any CPU.Build.0 = Debug|Any CPU
		{83D78D9D-7AD3-4AD6-9ECA-404B0609AF5D}.Release|Any CPU.ActiveCfg = Release|Any CPU
		{83D78D9D-7AD3-4AD6-9ECA-404B0609AF5D}.Release|Any CPU.Build.0 = Release|Any CPU
		{9EEA5CAC-23D7-45F7-9036-C259BD059459}.Debug|Any CPU.ActiveCfg = Debug|Any CPU
		{9EEA5CAC-23D7-45F7-9036-C259BD059459}.Debug|Any CPU.Build.0 = Debug|Any CPU
		{9EEA5CAC-23D7-45F7-9036-C259BD059459}.Release|Any CPU.ActiveCfg = Release|Any CPU
		{9EEA5CAC-23D7-45F7-9036-C259BD059459}.Release|Any CPU.Build.0 = Release|Any CPU
		{CA6DD40D-04DA-42B3-AD56-4FCCA51331B2}.Debug|Any CPU.ActiveCfg = Debug|Any CPU
		{CA6DD40D-04DA-42B3-AD56-4FCCA51331B2}.Debug|Any CPU.Build.0 = Debug|Any CPU
		{CA6DD40D-04DA-42B3-AD56-4FCCA51331B2}.Release|Any CPU.ActiveCfg = Release|Any CPU
		{CA6DD40D-04DA-42B3-AD56-4FCCA51331B2}.Release|Any CPU.Build.0 = Release|Any CPU
		{315341E1-BCD0-4094-9692-41BCA1580174}.Debug|Any CPU.ActiveCfg = Debug|Any CPU
		{315341E1-BCD0-4094-9692-41BCA1580174}.Debug|Any CPU.Build.0 = Debug|Any CPU
		{315341E1-BCD0-4094-9692-41BCA1580174}.Release|Any CPU.ActiveCfg = Release|Any CPU
		{315341E1-BCD0-4094-9692-41BCA1580174}.Release|Any CPU.Build.0 = Release|Any CPU
		{6522B652-2023-4F69-8C98-81881955D657}.Debug|Any CPU.ActiveCfg = Debug|Any CPU
		{6522B652-2023-4F69-8C98-81881955D657}.Debug|Any CPU.Build.0 = Debug|Any CPU
		{6522B652-2023-4F69-8C98-81881955D657}.Release|Any CPU.ActiveCfg = Release|Any CPU
		{6522B652-2023-4F69-8C98-81881955D657}.Release|Any CPU.Build.0 = Release|Any CPU
	EndGlobalSection
	GlobalSection(SolutionProperties) = preSolution
		HideSolutionNode = FALSE
	EndGlobalSection
	GlobalSection(NestedProjects) = preSolution
		{8D1937EB-3ADF-4399-9358-F3D5961CAFEC} = {B8AAF08D-6E7C-447F-B65E-5EF4D700D0B0}
		{83D78D9D-7AD3-4AD6-9ECA-404B0609AF5D} = {B8AAF08D-6E7C-447F-B65E-5EF4D700D0B0}
		{9EEA5CAC-23D7-45F7-9036-C259BD059459} = {B8AAF08D-6E7C-447F-B65E-5EF4D700D0B0}
		{CA6DD40D-04DA-42B3-AD56-4FCCA51331B2} = {B8AAF08D-6E7C-447F-B65E-5EF4D700D0B0}
		{315341E1-BCD0-4094-9692-41BCA1580174} = {B8AAF08D-6E7C-447F-B65E-5EF4D700D0B0}
		{6522B652-2023-4F69-8C98-81881955D657} = {B8AAF08D-6E7C-447F-B65E-5EF4D700D0B0}
	EndGlobalSection
	GlobalSection(ExtensibilityGlobals) = postSolution
		SolutionGuid = {B67D2D5B-448E-452D-9A70-8D6C3302F231}
	EndGlobalSection
EndGlobal
